PODS:
  - AFNetworking (3.1.0):
    - AFNetworking/NSURLSession (= 3.1.0)
    - AFNetworking/Reachability (= 3.1.0)
    - AFNetworking/Security (= 3.1.0)
    - AFNetworking/Serialization (= 3.1.0)
    - AFNetworking/UIKit (= 3.1.0)
  - AFNetworking/NSURLSession (3.1.0):
    - AFNetworking/Reachability
    - AFNetworking/Security
    - AFNetworking/Serialization
  - AFNetworking/Reachability (3.1.0)
  - AFNetworking/Security (3.1.0)
  - AFNetworking/Serialization (3.1.0)
  - AFNetworking/UIKit (3.1.0):
    - AFNetworking/NSURLSession
  - Alamofire (4.4.0)
  - EasyMapping (0.20.1):
    - EasyMapping/Core (= 0.20.1)
  - EasyMapping/Core (0.20.1)
  - Reveal-SDK (8)
  - SDWebImage (4.0.0):
    - SDWebImage/Core (= 4.0.0)
  - SDWebImage/Core (4.0.0)
  - SwiftHTTP (2.0.2)

DEPENDENCIES:
  - AFNetworking (~> 3.0)
  - Alamofire (~> 4.4)
  - EasyMapping (~> 0.20)
  - Reveal-SDK
  - SDWebImage (~> 4.0)
  - SwiftHTTP (~> 2.0.0)

SPEC CHECKSUMS:
  AFNetworking: 5e0e199f73d8626b11e79750991f5d173d1f8b67
  Alamofire: dc44b1600b800eb63da6a19039a0083d62a6a62d
  EasyMapping: 5efbb468847aa71ddfdcb4c30640cc82a749a5f6
  Reveal-SDK: 43be4e662864e937960d0d04d005135e29c4e53b
  SDWebImage: 76a6348bdc74eb5a55dd08a091ef298e56b55e41
  SwiftHTTP: faa1a5f7670568ffc9361898229dbe84a6088468

PODFILE CHECKSUM: 20b532b313050d99374c7537826a0fb2f55c6c1d

COCOAPODS: 1.1.1
